
Microsoft Visual Studio Solution File, Format Version 12.00
# Visual Studio 2012
Project("{FAE04EC0-301F-11D3-BF4B-00C04F79EFBC}") = "CloudPanel", "CloudPanel\CloudPanel.csproj", "{321880A5-348D-4360-A3DD-5329B3A49087}"
EndProject
Project("{2150E333-8FDC-42A3-9474-1A3956D46DE8}") = "Website", "Website", "{BCFD92C8-30DB-445E-AE2B-7BDA8E0E791F}"
EndProject
Project("{2150E333-8FDC-42A3-9474-1A3956D46DE8}") = "Common", "Common", "{5F649A1E-1E59-4F0B-BFC8-FB2B124DEC98}"
EndProject
Project("{FAE04EC0-301F-11D3-BF4B-00C04F79EFBC}") = "CloudPanel.Modules.Common", "CloudPanel.Modules.Common\CloudPanel.Modules.Common.csproj", "{118D670A-318A-4DD2-916B-51727E73928A}"
EndProject
Project("{FAE04EC0-301F-11D3-BF4B-00C04F79EFBC}") = "CloudPanel.Modules.Base", "CloudPanel.Modules.Base\CloudPanel.Modules.Base.csproj", "{8B47DB51-6F8E-42A3-B7E1-6C92C0E3628B}"
EndProject
Project("{FAE04EC0-301F-11D3-BF4B-00C04F79EFBC}") = "CloudPanel.Modules.ActiveDirectory", "CloudPanel.Modules.ActiveDirectory\CloudPanel.Modules.ActiveDirectory.csproj", "{B6359C5D-D73B-4057-98CC-0F1E4862B33C}"
EndProject
Project("{FAE04EC0-301F-11D3-BF4B-00C04F79EFBC}") = "CloudPanel.Modules.RollBack", "CloudPanel.Modules.RollBack\CloudPanel.Modules.RollBack.csproj", "{FFF78648-D290-4119-974D-5E2486B22B4C}"
EndProject
Global
	GlobalSection(SolutionConfigurationPlatforms) = preSolution
		Debug|Any CPU = Debug|Any CPU
		Release|Any CPU = Release|Any CPU
	EndGlobalSection
	GlobalSection(ProjectConfigurationPlatforms) = postSolution
		{321880A5-348D-4360-A3DD-5329B3A49087}.Debug|Any CPU.ActiveCfg = Debug|Any CPU
		{321880A5-348D-4360-A3DD-5329B3A49087}.Debug|Any CPU.Build.0 = Debug|Any CPU
		{321880A5-348D-4360-A3DD-5329B3A49087}.Release|Any CPU.ActiveCfg = Release|Any CPU
		{321880A5-348D-4360-A3DD-5329B3A49087}.Release|Any CPU.Build.0 = Release|Any CPU
		{118D670A-318A-4DD2-916B-51727E73928A}.Debug|Any CPU.ActiveCfg = Debug|Any CPU
		{118D670A-318A-4DD2-916B-51727E73928A}.Debug|Any CPU.Build.0 = Debug|Any CPU
		{118D670A-318A-4DD2-916B-51727E73928A}.Release|Any CPU.ActiveCfg = Release|Any CPU
		{118D670A-318A-4DD2-916B-51727E73928A}.Release|Any CPU.Build.0 = Release|Any CPU
		{8B47DB51-6F8E-42A3-B7E1-6C92C0E3628B}.Debug|Any CPU.ActiveCfg = Debug|Any CPU
		{8B47DB51-6F8E-42A3-B7E1-6C92C0E3628B}.Debug|Any CPU.Build.0 = Debug|Any CPU
		{8B47DB51-6F8E-42A3-B7E1-6C92C0E3628B}.Release|Any CPU.ActiveCfg = Release|Any CPU
		{8B47DB51-6F8E-42A3-B7E1-6C92C0E3628B}.Release|Any CPU.Build.0 = Release|Any CPU
		{B6359C5D-D73B-4057-98CC-0F1E4862B33C}.Debug|Any CPU.ActiveCfg = Debug|Any CPU
		{B6359C5D-D73B-4057-98CC-0F1E4862B33C}.Debug|Any CPU.Build.0 = Debug|Any CPU
		{B6359C5D-D73B-4057-98CC-0F1E4862B33C}.Release|Any CPU.ActiveCfg = Release|Any CPU
		{B6359C5D-D73B-4057-98CC-0F1E4862B33C}.Release|Any CPU.Build.0 = Release|Any CPU
		{FFF78648-D290-4119-974D-5E2486B22B4C}.Debug|Any CPU.ActiveCfg = Debug|Any CPU
		{FFF78648-D290-4119-974D-5E2486B22B4C}.Debug|Any CPU.Build.0 = Debug|Any CPU
		{FFF78648-D290-4119-974D-5E2486B22B4C}.Release|Any CPU.ActiveCfg = Release|Any CPU
		{FFF78648-D290-4119-974D-5E2486B22B4C}.Release|Any CPU.Build.0 = Release|Any CPU
	EndGlobalSection
	GlobalSection(SolutionProperties) = preSolution
		HideSolutionNode = FALSE
	EndGlobalSection
	GlobalSection(NestedProjects) = preSolution
		{321880A5-348D-4360-A3DD-5329B3A49087} = {BCFD92C8-30DB-445E-AE2B-7BDA8E0E791F}
		{118D670A-318A-4DD2-916B-51727E73928A} = {5F649A1E-1E59-4F0B-BFC8-FB2B124DEC98}
		{8B47DB51-6F8E-42A3-B7E1-6C92C0E3628B} = {5F649A1E-1E59-4F0B-BFC8-FB2B124DEC98}
		{B6359C5D-D73B-4057-98CC-0F1E4862B33C} = {5F649A1E-1E59-4F0B-BFC8-FB2B124DEC98}
		{FFF78648-D290-4119-974D-5E2486B22B4C} = {5F649A1E-1E59-4F0B-BFC8-FB2B124DEC98}
	EndGlobalSection
EndGlobal
